
Microsoft Visual Studio Solution File, Format Version 12.00
# Visual Studio Version 16
VisualStudioVersion = 16.0.30011.22
MinimumVisualStudioVersion = 10.0.40219.1
Project("{FAE04EC0-301F-11D3-BF4B-00C04F79EFBC}") = "Chuong3_BT6_P1", "Chuong3_BT6_P1.csproj", "{9114C3C1-9DB6-47D2-9C79-07C13B855723}"
EndProject
Global
	GlobalSection(SolutionConfigurationPlatforms) = preSolution
		Debug|Any CPU = Debug|Any CPU
		Release|Any CPU = Release|Any CPU
	EndGlobalSection
	GlobalSection(ProjectConfigurationPlatforms) = postSolution
		{9114C3C1-9DB6-47D2-9C79-07C13B855723}.Debug|Any CPU.ActiveCfg = Debug|Any CPU
		{9114C3C1-9DB6-47D2-9C79-07C13B855723}.Debug|Any CPU.Build.0 = Debug|Any CPU
		{9114C3C1-9DB6-47D2-9C79-07C13B855723}.Release|Any CPU.ActiveCfg = Release|Any CPU
		{9114C3C1-9DB6-47D2-9C79-07C13B855723}.Release|Any CPU.Build.0 = Release|Any CPU
	EndGlobalSection
	GlobalSection(SolutionProperties) = preSolution
		HideSolutionNode = FALSE
	EndGlobalSection
	GlobalSection(ExtensibilityGlobals) = postSolution
		SolutionGuid = {8B4888EA-0946-4C4B-89DF-9935964F298B}
	EndGlobalSection
EndGlobal
